// !$*UTF8*$!
{
	archiveVersion = 1;
	classes = {
	};
	objectVersion = 46;
	objects = {

/* Begin PBXBuildFile section */
		3C2C80A51BE832AA00CA1886 /* main.m in Sources */ = {isa = PBXBuildFile; fileRef = 3C2C80A41BE832AA00CA1886 /* main.m */; };
		3C2C80A81BE832AA00CA1886 /* AppDelegate.m in Sources */ = {isa = PBXBuildFile; fileRef = 3C2C80A71BE832AA00CA1886 /* AppDelegate.m */; };
		3C2C80AB1BE832AA00CA1886 /* SubwayLineStatusViewController.m in Sources */ = {isa = PBXBuildFile; fileRef = 3C2C80AA1BE832AA00CA1886 /* SubwayLineStatusViewController.m */; };
		3C2C80AE1BE832AA00CA1886 /* Main.storyboard in Resources */ = {isa = PBXBuildFile; fileRef = 3C2C80AC1BE832AA00CA1886 /* Main.storyboard */; };
		3C2C80B01BE832AA00CA1886 /* Assets.xcassets in Resources */ = {isa = PBXBuildFile; fileRef = 3C2C80AF1BE832AA00CA1886 /* Assets.xcassets */; };
		3C2C80B31BE832AA00CA1886 /* LaunchScreen.storyboard in Resources */ = {isa = PBXBuildFile; fileRef = 3C2C80B11BE832AA00CA1886 /* LaunchScreen.storyboard */; };
		3C2C80C21BEDD07000CA1886 /* SubwayLabel.m in Sources */ = {isa = PBXBuildFile; fileRef = 3C2C80C11BEDD07000CA1886 /* SubwayLabel.m */; };
		3C2C80C51BEDD2BA00CA1886 /* UIColor+MTA.m in Sources */ = {isa = PBXBuildFile; fileRef = 3C2C80C41BEDD2BA00CA1886 /* UIColor+MTA.m */; };
		3C2C80C81BF1158400CA1886 /* ServiceAlertViewController.m in Sources */ = {isa = PBXBuildFile; fileRef = 3C2C80C71BF1158400CA1886 /* ServiceAlertViewController.m */; };
		3C3DA6931DAFA26C0052B64A /* InterlockingKit.framework in Frameworks */ = {isa = PBXBuildFile; fileRef = 3C3DA6921DAFA26C0052B64A /* InterlockingKit.framework */; };
/* End PBXBuildFile section */

/* Begin PBXFileReference section */
		3C2C80A01BE832AA00CA1886 /* InterlockingApp.app */ = {isa = PBXFileReference; explicitFileType = wrapper.application; includeInIndex = 0; path = InterlockingApp.app; sourceTree = BUILT_PRODUCTS_DIR; };
		3C2C80A41BE832AA00CA1886 /* main.m */ = {isa = PBXFileReference; lastKnownFileType = sourcecode.c.objc; path = main.m; sourceTree = "<group>"; };
		3C2C80A61BE832AA00CA1886 /* AppDelegate.h */ = {isa = PBXFileReference; lastKnownFileType = sourcecode.c.h; path = AppDelegate.h; sourceTree = "<group>"; };
		3C2C80A71BE832AA00CA1886 /* AppDelegate.m */ = {isa = PBXFileReference; lastKnownFileType = sourcecode.c.objc; path = AppDelegate.m; sourceTree = "<group>"; };
		3C2C80A91BE832AA00CA1886 /* SubwayLineStatusViewController.h */ = {isa = PBXFileReference; lastKnownFileType = sourcecode.c.h; path = SubwayLineStatusViewController.h; sourceTree = "<group>"; };
		3C2C80AA1BE832AA00CA1886 /* SubwayLineStatusViewController.m */ = {isa = PBXFileReference; lastKnownFileType = sourcecode.c.objc; path = SubwayLineStatusViewController.m; sourceTree = "<group>"; };
		3C2C80AD1BE832AA00CA1886 /* Base */ = {isa = PBXFileReference; lastKnownFileType = file.storyboard; name = Base; path = Base.lproj/Main.storyboard; sourceTree = "<group>"; };
		3C2C80AF1BE832AA00CA1886 /* Assets.xcassets */ = {isa = PBXFileReference; lastKnownFileType = folder.assetcatalog; path = Assets.xcassets; sourceTree = "<group>"; };
		3C2C80B21BE832AA00CA1886 /* Base */ = {isa = PBXFileReference; lastKnownFileType = file.storyboard; name = Base; path = Base.lproj/LaunchScreen.storyboard; sourceTree = "<group>"; };
		3C2C80B41BE832AA00CA1886 /* Info.plist */ = {isa = PBXFileReference; lastKnownFileType = text.plist.xml; path = Info.plist; sourceTree = "<group>"; };
		3C2C80C01BEDD07000CA1886 /* SubwayLabel.h */ = {isa = PBXFileReference; fileEncoding = 4; lastKnownFileType = sourcecode.c.h; path = SubwayLabel.h; sourceTree = "<group>"; };
		3C2C80C11BEDD07000CA1886 /* SubwayLabel.m */ = {isa = PBXFileReference; fileEncoding = 4; lastKnownFileType = sourcecode.c.objc; path = SubwayLabel.m; sourceTree = "<group>"; };
		3C2C80C31BEDD2BA00CA1886 /* UIColor+MTA.h */ = {isa = PBXFileReference; fileEncoding = 4; lastKnownFileType = sourcecode.c.h; path = "UIColor+MTA.h"; sourceTree = "<group>"; };
		3C2C80C41BEDD2BA00CA1886 /* UIColor+MTA.m */ = {isa = PBXFileReference; fileEncoding = 4; lastKnownFileType = sourcecode.c.objc; path = "UIColor+MTA.m"; sourceTree = "<group>"; };
		3C2C80C61BF1158400CA1886 /* ServiceAlertViewController.h */ = {isa = PBXFileReference; fileEncoding = 4; lastKnownFileType = sourcecode.c.h; path = ServiceAlertViewController.h; sourceTree = "<group>"; };
		3C2C80C71BF1158400CA1886 /* ServiceAlertViewController.m */ = {isa = PBXFileReference; fileEncoding = 4; lastKnownFileType = sourcecode.c.objc; path = ServiceAlertViewController.m; sourceTree = "<group>"; };
		3C3DA6901DAF9F8C0052B64A /* interlocking-framework.framework */ = {isa = PBXFileReference; lastKnownFileType = wrapper.framework; name = "interlocking-framework.framework"; path = "interlocking-framework/build/Debug-iphoneos/interlocking-framework.framework"; sourceTree = "<group>"; };
		3C3DA6921DAFA26C0052B64A /* InterlockingKit.framework */ = {isa = PBXFileReference; lastKnownFileType = wrapper.framework; name = InterlockingKit.framework; path = "../../../../Library/Developer/Xcode/DerivedData/interlocking2-bkkehqmtfqzauxfrvnalinswbpgd/Build/Products/Debug-iphoneos/InterlockingKit.framework"; sourceTree = "<group>"; };
/* End PBXFileReference section */

/* Begin PBXFrameworksBuildPhase section */
		3C2C809D1BE832AA00CA1886 /* Frameworks */ = {
			isa = PBXFrameworksBuildPhase;
			buildActionMask = 2147483647;
			files = (
				3C3DA6931DAFA26C0052B64A /* InterlockingKit.framework in Frameworks */,
			);
			runOnlyForDeploymentPostprocessing = 0;
		};
/* End PBXFrameworksBuildPhase section */

/* Begin PBXGroup section */
		3C2C80971BE832AA00CA1886 = {
			isa = PBXGroup;
			children = (
				3C2C80A21BE832AA00CA1886 /* interlocking */,
				3C3DA68F1DAF9F8C0052B64A /* Frameworks */,
				3C2C80A11BE832AA00CA1886 /* Products */,
			);
			sourceTree = "<group>";
		};
		3C2C80A11BE832AA00CA1886 /* Products */ = {
			isa = PBXGroup;
			children = (
				3C2C80A01BE832AA00CA1886 /* InterlockingApp.app */,
			);
			name = Products;
			sourceTree = "<group>";
		};
		3C2C80A21BE832AA00CA1886 /* interlocking */ = {
			isa = PBXGroup;
			children = (
				3C2C80A61BE832AA00CA1886 /* AppDelegate.h */,
				3C2C80A71BE832AA00CA1886 /* AppDelegate.m */,
				3C2C80A91BE832AA00CA1886 /* SubwayLineStatusViewController.h */,
				3C2C80AA1BE832AA00CA1886 /* SubwayLineStatusViewController.m */,
				3C2C80C61BF1158400CA1886 /* ServiceAlertViewController.h */,
				3C2C80C71BF1158400CA1886 /* ServiceAlertViewController.m */,
				3C2C80C01BEDD07000CA1886 /* SubwayLabel.h */,
				3C2C80C11BEDD07000CA1886 /* SubwayLabel.m */,
				3C2C80C31BEDD2BA00CA1886 /* UIColor+MTA.h */,
				3C2C80C41BEDD2BA00CA1886 /* UIColor+MTA.m */,
				3C2C80AC1BE832AA00CA1886 /* Main.storyboard */,
				3C2C80AF1BE832AA00CA1886 /* Assets.xcassets */,
				3C2C80B11BE832AA00CA1886 /* LaunchScreen.storyboard */,
				3C2C80B41BE832AA00CA1886 /* Info.plist */,
				3C2C80A31BE832AA00CA1886 /* Supporting Files */,
			);
			path = interlocking;
			sourceTree = "<group>";
		};
		3C2C80A31BE832AA00CA1886 /* Supporting Files */ = {
			isa = PBXGroup;
			children = (
				3C2C80A41BE832AA00CA1886 /* main.m */,
			);
			name = "Supporting Files";
			sourceTree = "<group>";
		};
		3C3DA68F1DAF9F8C0052B64A /* Frameworks */ = {
			isa = PBXGroup;
			children = (
				3C3DA6921DAFA26C0052B64A /* InterlockingKit.framework */,
				3C3DA6901DAF9F8C0052B64A /* interlocking-framework.framework */,
			);
			name = Frameworks;
			sourceTree = "<group>";
		};
/* End PBXGroup section */

/* Begin PBXNativeTarget section */
		3C2C809F1BE832AA00CA1886 /* InterlockingApp */ = {
			isa = PBXNativeTarget;
			buildConfigurationList = 3C2C80B71BE832AA00CA1886 /* Build configuration list for PBXNativeTarget "InterlockingApp" */;
			buildPhases = (
				3C2C809C1BE832AA00CA1886 /* Sources */,
				3C2C809D1BE832AA00CA1886 /* Frameworks */,
				3C2C809E1BE832AA00CA1886 /* Resources */,
			);
			buildRules = (
			);
			dependencies = (
			);
			name = InterlockingApp;
			productName = interlocking;
			productReference = 3C2C80A01BE832AA00CA1886 /* InterlockingApp.app */;
			productType = "com.apple.product-type.application";
		};
/* End PBXNativeTarget section */

/* Begin PBXProject section */
		3C2C80981BE832AA00CA1886 /* Project object */ = {
			isa = PBXProject;
			attributes = {
				LastUpgradeCheck = 0800;
				ORGANIZATIONNAME = "Ian Meyer";
				TargetAttributes = {
					3C2C809F1BE832AA00CA1886 = {
						CreatedOnToolsVersion = 7.1;
						DevelopmentTeam = W27P2Y376L;
					};
				};
			};
			buildConfigurationList = 3C2C809B1BE832AA00CA1886 /* Build configuration list for PBXProject "InterlockingApp" */;
			compatibilityVersion = "Xcode 3.2";
			developmentRegion = English;
			hasScannedForEncodings = 0;
			knownRegions = (
				en,
				Base,
			);
			mainGroup = 3C2C80971BE832AA00CA1886;
			productRefGroup = 3C2C80A11BE832AA00CA1886 /* Products */;
			projectDirPath = "";
			projectRoot = "";
			targets = (
				3C2C809F1BE832AA00CA1886 /* InterlockingApp */,
			);
		};
/* End PBXProject section */

/* Begin PBXResourcesBuildPhase section */
		3C2C809E1BE832AA00CA1886 /* Resources */ = {
			isa = PBXResourcesBuildPhase;
			buildActionMask = 2147483647;
			files = (
				3C2C80B31BE832AA00CA1886 /* LaunchScreen.storyboard in Resources */,
				3C2C80B01BE832AA00CA1886 /* Assets.xcassets in Resources */,
				3C2C80AE1BE832AA00CA1886 /* Main.storyboard in Resources */,
			);
			runOnlyForDeploymentPostprocessing = 0;
		};
/* End PBXResourcesBuildPhase section */

/* Begin PBXSourcesBuildPhase section */
		3C2C809C1BE832AA00CA1886 /* Sources */ = {
			isa = PBXSourcesBuildPhase;
			buildActionMask = 2147483647;
			files = (
				3C2C80AB1BE832AA00CA1886 /* SubwayLineStatusViewController.m in Sources */,
				3C2C80A81BE832AA00CA1886 /* AppDelegate.m in Sources */,
				3C2C80C21BEDD07000CA1886 /* SubwayLabel.m in Sources */,
				3C2C80A51BE832AA00CA1886 /* main.m in Sources */,
				3C2C80C51BEDD2BA00CA1886 /* UIColor+MTA.m in Sources */,
				3C2C80C81BF1158400CA1886 /* ServiceAlertViewController.m in Sources */,
			);
			runOnlyForDeploymentPostprocessing = 0;
		};
/* End PBXSourcesBuildPhase section */

/* Begin PBXVariantGroup section */
		3C2C80AC1BE832AA00CA1886 /* Main.storyboard */ = {
			isa = PBXVariantGroup;
			children = (
				3C2C80AD1BE832AA00CA1886 /* Base */,
			);
			name = Main.storyboard;
			sourceTree = "<group>";
		};
		3C2C80B11BE832AA00CA1886 /* LaunchScreen.storyboard */ = {
			isa = PBXVariantGroup;
			children = (
				3C2C80B21BE832AA00CA1886 /* Base */,
			);
			name = LaunchScreen.storyboard;
			sourceTree = "<group>";
		};
/* End PBXVariantGroup section */

/* Begin XCBuildConfiguration section */
		3C2C80B51BE832AA00CA1886 /* Debug */ = {
			isa = XCBuildConfiguration;
			buildSettings = {
				ALWAYS_SEARCH_USER_PATHS = NO;
				CLANG_CXX_LANGUAGE_STANDARD = "gnu++0x";
				CLANG_CXX_LIBRARY = "libc++";
				CLANG_ENABLE_MODULES = YES;
				CLANG_ENABLE_OBJC_ARC = YES;
				CLANG_WARN_BOOL_CONVERSION = YES;
				CLANG_WARN_CONSTANT_CONVERSION = YES;
				CLANG_WARN_DIRECT_OBJC_ISA_USAGE = YES_ERROR;
				CLANG_WARN_EMPTY_BODY = YES;
				CLANG_WARN_ENUM_CONVERSION = YES;
				CLANG_WARN_INFINITE_RECURSION = YES;
				CLANG_WARN_INT_CONVERSION = YES;
				CLANG_WARN_OBJC_ROOT_CLASS = YES_ERROR;
				CLANG_WARN_SUSPICIOUS_MOVE = YES;
				CLANG_WARN_UNREACHABLE_CODE = YES;
				CLANG_WARN__DUPLICATE_METHOD_MATCH = YES;
				"CODE_SIGN_IDENTITY[sdk=iphoneos*]" = "iPhone Developer";
				COPY_PHASE_STRIP = NO;
				DEBUG_INFORMATION_FORMAT = dwarf;
				ENABLE_STRICT_OBJC_MSGSEND = YES;
				ENABLE_TESTABILITY = YES;
				GCC_C_LANGUAGE_STANDARD = gnu99;
				GCC_DYNAMIC_NO_PIC = NO;
				GCC_NO_COMMON_BLOCKS = YES;
				GCC_OPTIMIZATION_LEVEL = 0;
				GCC_PREPROCESSOR_DEFINITIONS = (
					"DEBUG=1",
					"$(inherited)",
				);
				GCC_WARN_64_TO_32_BIT_CONVERSION = YES;
				GCC_WARN_ABOUT_RETURN_TYPE = YES_ERROR;
				GCC_WARN_UNDECLARED_SELECTOR = YES;
				GCC_WARN_UNINITIALIZED_AUTOS = YES_AGGRESSIVE;
				GCC_WARN_UNUSED_FUNCTION = YES;
				GCC_WARN_UNUSED_VARIABLE = YES;
				IPHONEOS_DEPLOYMENT_TARGET = 9.1;
				MTL_ENABLE_DEBUG_INFO = YES;
				ONLY_ACTIVE_ARCH = YES;
				SDKROOT = iphoneos;
			};
			name = Debug;
		};
		3C2C80B61BE832AA00CA1886 /* Release */ = {
			isa = XCBuildConfiguration;
			buildSettings = {
				ALWAYS_SEARCH_USER_PATHS = NO;
				CLANG_CXX_LANGUAGE_STANDARD = "gnu++0x";
				CLANG_CXX_LIBRARY = "libc++";
				CLANG_ENABLE_MODULES = YES;
				CLANG_ENABLE_OBJC_ARC = YES;
				CLANG_WARN_BOOL_CONVERSION = YES;
				CLANG_WARN_CONSTANT_CONVERSION = YES;
				CLANG_WARN_DIRECT_OBJC_ISA_USAGE = YES_ERROR;
				CLANG_WARN_EMPTY_BODY = YES;
				CLANG_WARN_ENUM_CONVERSION = YES;
				CLANG_WARN_INFINITE_RECURSION = YES;
				CLANG_WARN_INT_CONVERSION = YES;
				CLANG_WARN_OBJC_ROOT_CLASS = YES_ERROR;
				CLANG_WARN_SUSPICIOUS_MOVE = YES;
				CLANG_WARN_UNREACHABLE_CODE = YES;
				CLANG_WARN__DUPLICATE_METHOD_MATCH = YES;
				"CODE_SIGN_IDENTITY[sdk=iphoneos*]" = "iPhone Developer";
				COPY_PHASE_STRIP = NO;
				DEBUG_INFORMATION_FORMAT = "dwarf-with-dsym";
				ENABLE_NS_ASSERTIONS = NO;
				ENABLE_STRICT_OBJC_MSGSEND = YES;
				GCC_C_LANGUAGE_STANDARD = gnu99;
				GCC_NO_COMMON_BLOCKS = YES;
				GCC_WARN_64_TO_32_BIT_CONVERSION = YES;
				GCC_WARN_ABOUT_RETURN_TYPE = YES_ERROR;
				GCC_WARN_UNDECLARED_SELECTOR = YES;
				GCC_WARN_UNINITIALIZED_AUTOS = YES_AGGRESSIVE;
				GCC_WARN_UNUSED_FUNCTION = YES;
				GCC_WARN_UNUSED_VARIABLE = YES;
				IPHONEOS_DEPLOYMENT_TARGET = 9.1;
				MTL_ENABLE_DEBUG_INFO = NO;
				SDKROOT = iphoneos;
				VALIDATE_PRODUCT = YES;
			};
			name = Release;
		};
		3C2C80B81BE832AA00CA1886 /* Debug */ = {
			isa = XCBuildConfiguration;
			buildSettings = {
				ASSETCATALOG_COMPILER_APPICON_NAME = AppIcon;
				DEVELOPMENT_TEAM = W27P2Y376L;
				FRAMEWORK_SEARCH_PATHS = (
					"$(inherited)",
					"$(PROJECT_DIR)/InterlockingKit/build/Debug-iphoneos",
				);
				INFOPLIST_FILE = interlocking/Info.plist;
				LD_RUNPATH_SEARCH_PATHS = "$(inherited) @executable_path/Frameworks";
				PRODUCT_BUNDLE_IDENTIFIER = info.frijole.interlocking;
				PRODUCT_NAME = "$(TARGET_NAME)";
			};
			name = Debug;
		};
		3C2C80B91BE832AA00CA1886 /* Release */ = {
			isa = XCBuildConfiguration;
			buildSettings = {
				ASSETCATALOG_COMPILER_APPICON_NAME = AppIcon;
				DEVELOPMENT_TEAM = W27P2Y376L;
				FRAMEWORK_SEARCH_PATHS = (
					"$(inherited)",
					"$(PROJECT_DIR)/InterlockingKit/build/Debug-iphoneos",
				);
				INFOPLIST_FILE = interlocking/Info.plist;
				LD_RUNPATH_SEARCH_PATHS = "$(inherited) @executable_path/Frameworks";
				PRODUCT_BUNDLE_IDENTIFIER = info.frijole.interlocking;
				PRODUCT_NAME = "$(TARGET_NAME)";
			};
			name = Release;
		};
/* End XCBuildConfiguration section */

/* Begin XCConfigurationList section */
		3C2C809B1BE832AA00CA1886 /* Build configuration list for PBXProject "InterlockingApp" */ = {
			isa = XCConfigurationList;
			buildConfigurations = (
				3C2C80B51BE832AA00CA1886 /* Debug */,
				3C2C80B61BE832AA00CA1886 /* Release */,
			);
			defaultConfigurationIsVisible = 0;
			defaultConfigurationName = Release;
		};
		3C2C80B71BE832AA00CA1886 /* Build configuration list for PBXNativeTarget "InterlockingApp" */ = {
			isa = XCConfigurationList;
			buildConfigurations = (
				3C2C80B81BE832AA00CA1886 /* Debug */,
				3C2C80B91BE832AA00CA1886 /* Release */,
			);
			defaultConfigurationIsVisible = 0;
			defaultConfigurationName = Release;
		};
/* End XCConfigurationList section */
	};
	rootObject = 3C2C80981BE832AA00CA1886 /* Project object */;
}
